{
  "name": "t",
  "version": "1.1.1",
  "lockfileVersion": 3,
  "requires": true,
  "packages": {
    "": {
      "name": "t",
      "version": "1.1.1",
      "license": "MIT",
      "dependencies": {
        "@mcpher/unit": "^1.1.6"
      }
    },
    "node_modules/@mcpher/unit": {
      "version": "1.1.6",
      "resolved": "https://registry.npmjs.org/@mcpher/unit/-/unit-1.1.6.tgz",
      "integrity": "sha512-VRc9IK9DTS/3NVCkveOjfufjkq4uCTkjiyTGDPRQzbiKMLZmjaItlo6n6j3ExCOwXZkcLY6HIucd48We95ydiQ=="
    }
  }
}
