{
  "name": "t",
  "version": "1.1.1",
  "lockfileVersion": 3,
  "requires": true,
  "packages": {
    "": {
      "name": "t",
      "version": "1.1.1",
      "license": "MIT",
      "dependencies": {
        "@mcpher/unit": "^1.1.9"
      }
    },
    "node_modules/@mcpher/code-locator": {
      "version": "1.0.3",
      "resolved": "https://registry.npmjs.org/@mcpher/code-locator/-/code-locator-1.0.3.tgz",
      "integrity": "sha512-BEdXHfU9esNW02nYX0BOpO5/vaCJaaCxhYt/mTXOVJ1czYZEHhIrb7vx/2tlJiwfGBv+ksmQrL5QL50MJ7vYiA=="
    },
    "node_modules/@mcpher/unit": {
      "version": "1.1.9",
      "resolved": "https://registry.npmjs.org/@mcpher/unit/-/unit-1.1.9.tgz",
      "integrity": "sha512-HuIP1jboc8NUh0kKT3LpVriZzLOt07G0ke/FTGraqXHKqi7u2QPsoVXq/yok92Q/eY1cTI1dSx9l2R6VFgUDTg==",
      "dependencies": {
        "@mcpher/code-locator": "^1.0.3"
      }
    }
  }
}
