{
  "name": "t",
  "version": "1.1.1",
  "lockfileVersion": 3,
  "requires": true,
  "packages": {
    "": {
      "name": "t",
      "version": "1.1.1",
      "license": "MIT",
      "dependencies": {
        "@mcpher/unit": "^1.1.11"
      }
    },
    "node_modules/@mcpher/unit": {
      "version": "1.1.11",
      "resolved": "https://registry.npmjs.org/@mcpher/unit/-/unit-1.1.11.tgz",
      "integrity": "sha512-KpaFjsB9+50zMZxsAGxeT++8NrXh9tM1CBzVx23al385xQgaPxfyc4wHdbCaeqfTWXSrm06JwcQ7unHqVkq5lg=="
    }
  }
}
