{
  "name": "@mcpher/unit",
  "version": "1.1.9",
  "lockfileVersion": 3,
  "requires": true,
  "packages": {
    "": {
      "name": "@mcpher/unit",
      "version": "1.1.9",
      "license": "MIT",
      "dependencies": {
        "@mcpher/code-locator": "^1.0.3"
      }
    },
    "node_modules/@mcpher/code-locator": {
      "version": "1.0.3",
      "resolved": "https://registry.npmjs.org/@mcpher/code-locator/-/code-locator-1.0.3.tgz",
      "integrity": "sha512-BEdXHfU9esNW02nYX0BOpO5/vaCJaaCxhYt/mTXOVJ1czYZEHhIrb7vx/2tlJiwfGBv+ksmQrL5QL50MJ7vYiA=="
    }
  }
}
