{
  "name": "@mcpher/unit",
  "version": "1.1.9",
  "lockfileVersion": 3,
  "requires": true,
  "packages": {
    "": {
      "name": "@mcpher/unit",
      "version": "1.1.9",
      "license": "MIT",
      "dependencies": {
        "@mcpher/code-locator": "^1.0.4"
      }
    },
    "node_modules/@mcpher/code-locator": {
      "version": "1.0.4",
      "resolved": "https://registry.npmjs.org/@mcpher/code-locator/-/code-locator-1.0.4.tgz",
      "integrity": "sha512-IvwSCSObA2YcgyZ428qiAQsTHUIfVcGcu3K+jE5clO2NbEnjrTpYS1dQ1wBwbCfUAZ+uMTLoEa6O7VGCe8FLvg=="
    }
  }
}
